// !$*UTF8*$!
{
	archiveVersion = 1;
	classes = {
	};
	objectVersion = 77;
	objects = {

/* Begin PBXContainerItemProxy section */
		195EAB0B2DC13CDB00475C36 /* PBXContainerItemProxy */ = {
			isa = PBXContainerItemProxy;
			containerPortal = 195EAAEC2DC13CDA00475C36 /* Project object */;
			proxyType = 1;
			remoteGlobalIDString = 195EAAF32DC13CDA00475C36;
			remoteInfo = Mazady;
		};
		195EAB152DC13CDB00475C36 /* PBXContainerItemProxy */ = {
			isa = PBXContainerItemProxy;
			containerPortal = 195EAAEC2DC13CDA00475C36 /* Project object */;
			proxyType = 1;
			remoteGlobalIDString = 195EAAF32DC13CDA00475C36;
			remoteInfo = Mazady;
		};
/* End PBXContainerItemProxy section */

/* Begin PBXFileReference section */
		195EAAF42DC13CDA00475C36 /* Mazady.app */ = {isa = PBXFileReference; explicitFileType = wrapper.application; includeInIndex = 0; path = Mazady.app; sourceTree = BUILT_PRODUCTS_DIR; };
		195EAB0A2DC13CDB00475C36 /* MazadyTests.xctest */ = {isa = PBXFileReference; explicitFileType = wrapper.cfbundle; includeInIndex = 0; path = MazadyTests.xctest; sourceTree = BUILT_PRODUCTS_DIR; };
		195EAB142DC13CDB00475C36 /* MazadyUITests.xctest */ = {isa = PBXFileReference; explicitFileType = wrapper.cfbundle; includeInIndex = 0; path = MazadyUITests.xctest; sourceTree = BUILT_PRODUCTS_DIR; };
/* End PBXFileReference section */

/* Begin PBXFileSystemSynchronizedBuildFileExceptionSet section */
		195EAB1C2DC13CDB00475C36 /* Exceptions for "Mazady" folder in "Mazady" target */ = {
			isa = PBXFileSystemSynchronizedBuildFileExceptionSet;
			membershipExceptions = (
				Info.plist,
			);
			target = 195EAAF32DC13CDA00475C36 /* Mazady */;
		};
/* End PBXFileSystemSynchronizedBuildFileExceptionSet section */

/* Begin PBXFileSystemSynchronizedRootGroup section */
		195EAAF62DC13CDA00475C36 /* Mazady */ = {
			isa = PBXFileSystemSynchronizedRootGroup;
			exceptions = (
				195EAB1C2DC13CDB00475C36 /* Exceptions for "Mazady" folder in "Mazady" target */,
			);
			path = Mazady;
			sourceTree = "<group>";
		};
		195EAB0D2DC13CDB00475C36 /* MazadyTests */ = {
			isa = PBXFileSystemSynchronizedRootGroup;
			path = MazadyTests;
			sourceTree = "<group>";
		};
		195EAB172DC13CDB00475C36 /* MazadyUITests */ = {
			isa = PBXFileSystemSynchronizedRootGroup;
			path = MazadyUITests;
			sourceTree = "<group>";
		};
/* End PBXFileSystemSynchronizedRootGroup section */

/* Begin PBXFrameworksBuildPhase section */
		195EAAF12DC13CDA00475C36 /* Frameworks */ = {
			isa = PBXFrameworksBuildPhase;
			buildActionMask = 2147483647;
			files = (
			);
			runOnlyForDeploymentPostprocessing = 0;
		};
		195EAB072DC13CDB00475C36 /* Frameworks */ = {
			isa = PBXFrameworksBuildPhase;
			buildActionMask = 2147483647;
			files = (
			);
			runOnlyForDeploymentPostprocessing = 0;
		};
		195EAB112DC13CDB00475C36 /* Frameworks */ = {
			isa = PBXFrameworksBuildPhase;
			buildActionMask = 2147483647;
			files = (
			);
			runOnlyForDeploymentPostprocessing = 0;
		};
/* End PBXFrameworksBuildPhase section */

/* Begin PBXGroup section */
		195EAAEB2DC13CDA00475C36 = {
			isa = PBXGroup;
			children = (
				195EAAF62DC13CDA00475C36 /* Mazady */,
				195EAB0D2DC13CDB00475C36 /* MazadyTests */,
				195EAB172DC13CDB00475C36 /* MazadyUITests */,
				195EAAF52DC13CDA00475C36 /* Products */,
			);
			sourceTree = "<group>";
		};
		195EAAF52DC13CDA00475C36 /* Products */ = {
			isa = PBXGroup;
			children = (
				195EAAF42DC13CDA00475C36 /* Mazady.app */,
				195EAB0A2DC13CDB00475C36 /* MazadyTests.xctest */,
				195EAB142DC13CDB00475C36 /* MazadyUITests.xctest */,
			);
			name = Products;
			sourceTree = "<group>";
		};
/* End PBXGroup section */

/* Begin PBXNativeTarget section */
		195EAAF32DC13CDA00475C36 /* Mazady */ = {
			isa = PBXNativeTarget;
			buildConfigurationList = 195EAB1D2DC13CDB00475C36 /* Build configuration list for PBXNativeTarget "Mazady" */;
			buildPhases = (
				195EAAF02DC13CDA00475C36 /* Sources */,
				195EAAF12DC13CDA00475C36 /* Frameworks */,
				195EAAF22DC13CDA00475C36 /* Resources */,
			);
			buildRules = (
			);
			dependencies = (
			);
			fileSystemSynchronizedGroups = (
				195EAAF62DC13CDA00475C36 /* Mazady */,
			);
			name = Mazady;
			packageProductDependencies = (
			);
			productName = Mazady;
			productReference = 195EAAF42DC13CDA00475C36 /* Mazady.app */;
			productType = "com.apple.product-type.application";
		};
		195EAB092DC13CDB00475C36 /* MazadyTests */ = {
			isa = PBXNativeTarget;
			buildConfigurationList = 195EAB222DC13CDB00475C36 /* Build configuration list for PBXNativeTarget "MazadyTests" */;
			buildPhases = (
				195EAB062DC13CDB00475C36 /* Sources */,
				195EAB072DC13CDB00475C36 /* Frameworks */,
				195EAB082DC13CDB00475C36 /* Resources */,
			);
			buildRules = (
			);
			dependencies = (
				195EAB0C2DC13CDB00475C36 /* PBXTargetDependency */,
			);
			fileSystemSynchronizedGroups = (
				195EAB0D2DC13CDB00475C36 /* MazadyTests */,
			);
			name = MazadyTests;
			packageProductDependencies = (
			);
			productName = MazadyTests;
			productReference = 195EAB0A2DC13CDB00475C36 /* MazadyTests.xctest */;
			productType = "com.apple.product-type.bundle.unit-test";
		};
		195EAB132DC13CDB00475C36 /* MazadyUITests */ = {
			isa = PBXNativeTarget;
			buildConfigurationList = 195EAB252DC13CDB00475C36 /* Build configuration list for PBXNativeTarget "MazadyUITests" */;
			buildPhases = (
				195EAB102DC13CDB00475C36 /* Sources */,
				195EAB112DC13CDB00475C36 /* Frameworks */,
				195EAB122DC13CDB00475C36 /* Resources */,
			);
			buildRules = (
			);
			dependencies = (
				195EAB162DC13CDB00475C36 /* PBXTargetDependency */,
			);
			fileSystemSynchronizedGroups = (
				195EAB172DC13CDB00475C36 /* MazadyUITests */,
			);
			name = MazadyUITests;
			packageProductDependencies = (
			);
			productName = MazadyUITests;
			productReference = 195EAB142DC13CDB00475C36 /* MazadyUITests.xctest */;
			productType = "com.apple.product-type.bundle.ui-testing";
		};
/* End PBXNativeTarget section */

/* Begin PBXProject section */
		195EAAEC2DC13CDA00475C36 /* Project object */ = {
			isa = PBXProject;
			attributes = {
				BuildIndependentTargetsInParallel = 1;
				LastSwiftUpdateCheck = 1620;
				LastUpgradeCheck = 1620;
				TargetAttributes = {
					195EAAF32DC13CDA00475C36 = {
						CreatedOnToolsVersion = 16.2;
					};
					195EAB092DC13CDB00475C36 = {
						CreatedOnToolsVersion = 16.2;
						TestTargetID = 195EAAF32DC13CDA00475C36;
					};
					195EAB132DC13CDB00475C36 = {
						CreatedOnToolsVersion = 16.2;
						TestTargetID = 195EAAF32DC13CDA00475C36;
					};
				};
			};
			buildConfigurationList = 195EAAEF2DC13CDA00475C36 /* Build configuration list for PBXProject "Mazady" */;
			developmentRegion = en;
			hasScannedForEncodings = 0;
			knownRegions = (
				en,
				Base,
			);
			mainGroup = 195EAAEB2DC13CDA00475C36;
			minimizedProjectReferenceProxies = 1;
			preferredProjectObjectVersion = 77;
			productRefGroup = 195EAAF52DC13CDA00475C36 /* Products */;
			projectDirPath = "";
			projectRoot = "";
			targets = (
				195EAAF32DC13CDA00475C36 /* Mazady */,
				195EAB092DC13CDB00475C36 /* MazadyTests */,
				195EAB132DC13CDB00475C36 /* MazadyUITests */,
			);
		};
/* End PBXProject section */

/* Begin PBXResourcesBuildPhase section */
		195EAAF22DC13CDA00475C36 /* Resources */ = {
			isa = PBXResourcesBuildPhase;
			buildActionMask = 2147483647;
			files = (
			);
			runOnlyForDeploymentPostprocessing = 0;
		};
		195EAB082DC13CDB00475C36 /* Resources */ = {
			isa = PBXResourcesBuildPhase;
			buildActionMask = 2147483647;
			files = (
			);
			runOnlyForDeploymentPostprocessing = 0;
		};
		195EAB122DC13CDB00475C36 /* Resources */ = {
			isa = PBXResourcesBuildPhase;
			buildActionMask = 2147483647;
			files = (
			);
			runOnlyForDeploymentPostprocessing = 0;
		};
/* End PBXResourcesBuildPhase section */

/* Begin PBXSourcesBuildPhase section */
		195EAAF02DC13CDA00475C36 /* Sources */ = {
			isa = PBXSourcesBuildPhase;
			buildActionMask = 2147483647;
			files = (
			);
			runOnlyForDeploymentPostprocessing = 0;
		};
		195EAB062DC13CDB00475C36 /* Sources */ = {
			isa = PBXSourcesBuildPhase;
			buildActionMask = 2147483647;
			files = (
			);
			runOnlyForDeploymentPostprocessing = 0;
		};
		195EAB102DC13CDB00475C36 /* Sources */ = {
			isa = PBXSourcesBuildPhase;
			buildActionMask = 2147483647;
			files = (
			);
			runOnlyForDeploymentPostprocessing = 0;
		};
/* End PBXSourcesBuildPhase section */

/* Begin PBXTargetDependency section */
		195EAB0C2DC13CDB00475C36 /* PBXTargetDependency */ = {
			isa = PBXTargetDependency;
			target = 195EAAF32DC13CDA00475C36 /* Mazady */;
			targetProxy = 195EAB0B2DC13CDB00475C36 /* PBXContainerItemProxy */;
		};
		195EAB162DC13CDB00475C36 /* PBXTargetDependency */ = {
			isa = PBXTargetDependency;
			target = 195EAAF32DC13CDA00475C36 /* Mazady */;
			targetProxy = 195EAB152DC13CDB00475C36 /* PBXContainerItemProxy */;
		};
/* End PBXTargetDependency section */

/* Begin XCBuildConfiguration section */
		195EAB1E2DC13CDB00475C36 /* Development */ = {
			isa = XCBuildConfiguration;
			baseConfigurationReferenceAnchor = 195EAAF62DC13CDA00475C36 /* Mazady */;
			baseConfigurationReferenceRelativePath = Configurations/Development/Development.xcconfig;
			buildSettings = {
				ASSETCATALOG_COMPILER_APPICON_NAME = AppIcon;
				ASSETCATALOG_COMPILER_GLOBAL_ACCENT_COLOR_NAME = AccentColor;
				CODE_SIGN_STYLE = Automatic;
				CURRENT_PROJECT_VERSION = 1;
				DEVELOPMENT_TEAM = JT7ZHXC955;
				GENERATE_INFOPLIST_FILE = YES;
				INFOPLIST_FILE = Mazady/Info.plist;
				INFOPLIST_KEY_UIApplicationSupportsIndirectInputEvents = YES;
				INFOPLIST_KEY_UILaunchStoryboardName = LaunchScreen;
				INFOPLIST_KEY_UIMainStoryboardFile = Main;
				INFOPLIST_KEY_UISupportedInterfaceOrientations_iPad = "UIInterfaceOrientationPortrait UIInterfaceOrientationPortraitUpsideDown UIInterfaceOrientationLandscapeLeft UIInterfaceOrientationLandscapeRight";
				INFOPLIST_KEY_UISupportedInterfaceOrientations_iPhone = "UIInterfaceOrientationPortrait UIInterfaceOrientationLandscapeLeft UIInterfaceOrientationLandscapeRight";
				LD_RUNPATH_SEARCH_PATHS = (
					"$(inherited)",
					"@executable_path/Frameworks",
				);
				MARKETING_VERSION = 1.0;
				PRODUCT_BUNDLE_IDENTIFIER = eslamomohamed.Mazady;
				PRODUCT_NAME = "$(TARGET_NAME)";
				SWIFT_EMIT_LOC_STRINGS = YES;
				SWIFT_VERSION = 5.0;
				TARGETED_DEVICE_FAMILY = "1,2";
			};
			name = Development;
		};
		195EAB1F2DC13CDB00475C36 /* Production */ = {
			isa = XCBuildConfiguration;
			baseConfigurationReferenceAnchor = 195EAAF62DC13CDA00475C36 /* Mazady */;
			baseConfigurationReferenceRelativePath = Configurations/Production/Production.xcconfig;
			buildSettings = {
				ASSETCATALOG_COMPILER_APPICON_NAME = AppIcon;
				ASSETCATALOG_COMPILER_GLOBAL_ACCENT_COLOR_NAME = AccentColor;
				CODE_SIGN_STYLE = Automatic;
				CURRENT_PROJECT_VERSION = 1;
				DEVELOPMENT_TEAM = JT7ZHXC955;
				GENERATE_INFOPLIST_FILE = YES;
				INFOPLIST_FILE = Mazady/Info.plist;
				INFOPLIST_KEY_UIApplicationSupportsIndirectInputEvents = YES;
				INFOPLIST_KEY_UILaunchStoryboardName = LaunchScreen;
				INFOPLIST_KEY_UIMainStoryboardFile = Main;
				INFOPLIST_KEY_UISupportedInterfaceOrientations_iPad = "UIInterfaceOrientationPortrait UIInterfaceOrientationPortraitUpsideDown UIInterfaceOrientationLandscapeLeft UIInterfaceOrientationLandscapeRight";
				INFOPLIST_KEY_UISupportedInterfaceOrientations_iPhone = "UIInterfaceOrientationPortrait UIInterfaceOrientationLandscapeLeft UIInterfaceOrientationLandscapeRight";
				LD_RUNPATH_SEARCH_PATHS = (
					"$(inherited)",
					"@executable_path/Frameworks",
				);
				MARKETING_VERSION = 1.0;
				PRODUCT_BUNDLE_IDENTIFIER = eslamomohamed.Mazady;
				PRODUCT_NAME = "$(TARGET_NAME)";
				SWIFT_EMIT_LOC_STRINGS = YES;
				SWIFT_VERSION = 5.0;
				TARGETED_DEVICE_FAMILY = "1,2";
			};
			name = Production;
		};
		195EAB202DC13CDB00475C36 /* Development */ = {
			isa = XCBuildConfiguration;
			baseConfigurationReferenceAnchor = 195EAAF62DC13CDA00475C36 /* Mazady */;
			baseConfigurationReferenceRelativePath = Configurations/Development/Development.xcconfig;
			buildSettings = {
				ALWAYS_SEARCH_USER_PATHS = NO;
				ASSETCATALOG_COMPILER_GENERATE_SWIFT_ASSET_SYMBOL_EXTENSIONS = YES;
				CLANG_ANALYZER_NONNULL = YES;
				CLANG_ANALYZER_NUMBER_OBJECT_CONVERSION = YES_AGGRESSIVE;
				CLANG_CXX_LANGUAGE_STANDARD = "gnu++20";
				CLANG_ENABLE_MODULES = YES;
				CLANG_ENABLE_OBJC_ARC = YES;
				CLANG_ENABLE_OBJC_WEAK = YES;
				CLANG_WARN_BLOCK_CAPTURE_AUTORELEASING = YES;
				CLANG_WARN_BOOL_CONVERSION = YES;
				CLANG_WARN_COMMA = YES;
				CLANG_WARN_CONSTANT_CONVERSION = YES;
				CLANG_WARN_DEPRECATED_OBJC_IMPLEMENTATIONS = YES;
				CLANG_WARN_DIRECT_OBJC_ISA_USAGE = YES_ERROR;
				CLANG_WARN_DOCUMENTATION_COMMENTS = YES;
				CLANG_WARN_EMPTY_BODY = YES;
				CLANG_WARN_ENUM_CONVERSION = YES;
				CLANG_WARN_INFINITE_RECURSION = YES;
				CLANG_WARN_INT_CONVERSION = YES;
				CLANG_WARN_NON_LITERAL_NULL_CONVERSION = YES;
				CLANG_WARN_OBJC_IMPLICIT_RETAIN_SELF = YES;
				CLANG_WARN_OBJC_LITERAL_CONVERSION = YES;
				CLANG_WARN_OBJC_ROOT_CLASS = YES_ERROR;
				CLANG_WARN_QUOTED_INCLUDE_IN_FRAMEWORK_HEADER = YES;
				CLANG_WARN_RANGE_LOOP_ANALYSIS = YES;
				CLANG_WARN_STRICT_PROTOTYPES = YES;
				CLANG_WARN_SUSPICIOUS_MOVE = YES;
				CLANG_WARN_UNGUARDED_AVAILABILITY = YES_AGGRESSIVE;
				CLANG_WARN_UNREACHABLE_CODE = YES;
				CLANG_WARN__DUPLICATE_METHOD_MATCH = YES;
				COPY_PHASE_STRIP = NO;
				DEBUG_INFORMATION_FORMAT = dwarf;
				ENABLE_STRICT_OBJC_MSGSEND = YES;
				ENABLE_TESTABILITY = YES;
				ENABLE_USER_SCRIPT_SANDBOXING = YES;
				GCC_C_LANGUAGE_STANDARD = gnu17;
				GCC_DYNAMIC_NO_PIC = NO;
				GCC_NO_COMMON_BLOCKS = YES;
				GCC_OPTIMIZATION_LEVEL = 0;
				GCC_PREPROCESSOR_DEFINITIONS = (
					"DEBUG=1",
					"$(inherited)",
				);
				GCC_WARN_64_TO_32_BIT_CONVERSION = YES;
				GCC_WARN_ABOUT_RETURN_TYPE = YES_ERROR;
				GCC_WARN_UNDECLARED_SELECTOR = YES;
				GCC_WARN_UNINITIALIZED_AUTOS = YES_AGGRESSIVE;
				GCC_WARN_UNUSED_FUNCTION = YES;
				GCC_WARN_UNUSED_VARIABLE = YES;
				IPHONEOS_DEPLOYMENT_TARGET = 18.2;
				LOCALIZATION_PREFERS_STRING_CATALOGS = YES;
				MTL_ENABLE_DEBUG_INFO = INCLUDE_SOURCE;
				MTL_FAST_MATH = YES;
				ONLY_ACTIVE_ARCH = YES;
				SDKROOT = iphoneos;
				SWIFT_ACTIVE_COMPILATION_CONDITIONS = "DEBUG $(inherited)";
				SWIFT_OPTIMIZATION_LEVEL = "-Onone";
			};
			name = Development;
		};
		195EAB212DC13CDB00475C36 /* Production */ = {
			isa = XCBuildConfiguration;
			baseConfigurationReferenceAnchor = 195EAAF62DC13CDA00475C36 /* Mazady */;
			baseConfigurationReferenceRelativePath = Configurations/Production/Production.xcconfig;
			buildSettings = {
				ALWAYS_SEARCH_USER_PATHS = NO;
				ASSETCATALOG_COMPILER_GENERATE_SWIFT_ASSET_SYMBOL_EXTENSIONS = YES;
				CLANG_ANALYZER_NONNULL = YES;
				CLANG_ANALYZER_NUMBER_OBJECT_CONVERSION = YES_AGGRESSIVE;
				CLANG_CXX_LANGUAGE_STANDARD = "gnu++20";
				CLANG_ENABLE_MODULES = YES;
				CLANG_ENABLE_OBJC_ARC = YES;
				CLANG_ENABLE_OBJC_WEAK = YES;
				CLANG_WARN_BLOCK_CAPTURE_AUTORELEASING = YES;
				CLANG_WARN_BOOL_CONVERSION = YES;
				CLANG_WARN_COMMA = YES;
				CLANG_WARN_CONSTANT_CONVERSION = YES;
				CLANG_WARN_DEPRECATED_OBJC_IMPLEMENTATIONS = YES;
				CLANG_WARN_DIRECT_OBJC_ISA_USAGE = YES_ERROR;
				CLANG_WARN_DOCUMENTATION_COMMENTS = YES;
				CLANG_WARN_EMPTY_BODY = YES;
				CLANG_WARN_ENUM_CONVERSION = YES;
				CLANG_WARN_INFINITE_RECURSION = YES;
				CLANG_WARN_INT_CONVERSION = YES;
				CLANG_WARN_NON_LITERAL_NULL_CONVERSION = YES;
				CLANG_WARN_OBJC_IMPLICIT_RETAIN_SELF = YES;
				CLANG_WARN_OBJC_LITERAL_CONVERSION = YES;
				CLANG_WARN_OBJC_ROOT_CLASS = YES_ERROR;
				CLANG_WARN_QUOTED_INCLUDE_IN_FRAMEWORK_HEADER = YES;
				CLANG_WARN_RANGE_LOOP_ANALYSIS = YES;
				CLANG_WARN_STRICT_PROTOTYPES = YES;
				CLANG_WARN_SUSPICIOUS_MOVE = YES;
				CLANG_WARN_UNGUARDED_AVAILABILITY = YES_AGGRESSIVE;
				CLANG_WARN_UNREACHABLE_CODE = YES;
				CLANG_WARN__DUPLICATE_METHOD_MATCH = YES;
				COPY_PHASE_STRIP = NO;
				DEBUG_INFORMATION_FORMAT = "dwarf-with-dsym";
				ENABLE_NS_ASSERTIONS = NO;
				ENABLE_STRICT_OBJC_MSGSEND = YES;
				ENABLE_USER_SCRIPT_SANDBOXING = YES;
				GCC_C_LANGUAGE_STANDARD = gnu17;
				GCC_NO_COMMON_BLOCKS = YES;
				GCC_WARN_64_TO_32_BIT_CONVERSION = YES;
				GCC_WARN_ABOUT_RETURN_TYPE = YES_ERROR;
				GCC_WARN_UNDECLARED_SELECTOR = YES;
				GCC_WARN_UNINITIALIZED_AUTOS = YES_AGGRESSIVE;
				GCC_WARN_UNUSED_FUNCTION = YES;
				GCC_WARN_UNUSED_VARIABLE = YES;
				IPHONEOS_DEPLOYMENT_TARGET = 18.2;
				LOCALIZATION_PREFERS_STRING_CATALOGS = YES;
				MTL_ENABLE_DEBUG_INFO = NO;
				MTL_FAST_MATH = YES;
				SDKROOT = iphoneos;
				SWIFT_COMPILATION_MODE = wholemodule;
				VALIDATE_PRODUCT = YES;
			};
			name = Production;
		};
		195EAB232DC13CDB00475C36 /* Development */ = {
			isa = XCBuildConfiguration;
			buildSettings = {
				BUNDLE_LOADER = "$(TEST_HOST)";
				CODE_SIGN_STYLE = Automatic;
				CURRENT_PROJECT_VERSION = 1;
				DEVELOPMENT_TEAM = JT7ZHXC955;
				GENERATE_INFOPLIST_FILE = YES;
				IPHONEOS_DEPLOYMENT_TARGET = 18.2;
				MARKETING_VERSION = 1.0;
				PRODUCT_BUNDLE_IDENTIFIER = eslamomohamed.MazadyTests;
				PRODUCT_NAME = "$(TARGET_NAME)";
				SWIFT_EMIT_LOC_STRINGS = NO;
				SWIFT_VERSION = 5.0;
				TARGETED_DEVICE_FAMILY = "1,2";
				TEST_HOST = "$(BUILT_PRODUCTS_DIR)/Mazady.app/$(BUNDLE_EXECUTABLE_FOLDER_PATH)/Mazady";
			};
			name = Development;
		};
		195EAB242DC13CDB00475C36 /* Production */ = {
			isa = XCBuildConfiguration;
			buildSettings = {
				BUNDLE_LOADER = "$(TEST_HOST)";
				CODE_SIGN_STYLE = Automatic;
				CURRENT_PROJECT_VERSION = 1;
				DEVELOPMENT_TEAM = JT7ZHXC955;
				GENERATE_INFOPLIST_FILE = YES;
				IPHONEOS_DEPLOYMENT_TARGET = 18.2;
				MARKETING_VERSION = 1.0;
				PRODUCT_BUNDLE_IDENTIFIER = eslamomohamed.MazadyTests;
				PRODUCT_NAME = "$(TARGET_NAME)";
				SWIFT_EMIT_LOC_STRINGS = NO;
				SWIFT_VERSION = 5.0;
				TARGETED_DEVICE_FAMILY = "1,2";
				TEST_HOST = "$(BUILT_PRODUCTS_DIR)/Mazady.app/$(BUNDLE_EXECUTABLE_FOLDER_PATH)/Mazady";
			};
			name = Production;
		};
		195EAB262DC13CDB00475C36 /* Development */ = {
			isa = XCBuildConfiguration;
			buildSettings = {
				CODE_SIGN_STYLE = Automatic;
				CURRENT_PROJECT_VERSION = 1;
				DEVELOPMENT_TEAM = JT7ZHXC955;
				GENERATE_INFOPLIST_FILE = YES;
				MARKETING_VERSION = 1.0;
				PRODUCT_BUNDLE_IDENTIFIER = eslamomohamed.MazadyUITests;
				PRODUCT_NAME = "$(TARGET_NAME)";
				SWIFT_EMIT_LOC_STRINGS = NO;
				SWIFT_VERSION = 5.0;
				TARGETED_DEVICE_FAMILY = "1,2";
				TEST_TARGET_NAME = Mazady;
			};
			name = Development;
		};
		195EAB272DC13CDB00475C36 /* Production */ = {
			isa = XCBuildConfiguration;
			buildSettings = {
				CODE_SIGN_STYLE = Automatic;
				CURRENT_PROJECT_VERSION = 1;
				DEVELOPMENT_TEAM = JT7ZHXC955;
				GENERATE_INFOPLIST_FILE = YES;
				MARKETING_VERSION = 1.0;
				PRODUCT_BUNDLE_IDENTIFIER = eslamomohamed.MazadyUITests;
				PRODUCT_NAME = "$(TARGET_NAME)";
				SWIFT_EMIT_LOC_STRINGS = NO;
				SWIFT_VERSION = 5.0;
				TARGETED_DEVICE_FAMILY = "1,2";
				TEST_TARGET_NAME = Mazady;
			};
			name = Production;
		};
		195EAB362DC13F2300475C36 /* Staging */ = {
			isa = XCBuildConfiguration;
			buildSettings = {
				ALWAYS_SEARCH_USER_PATHS = NO;
				ASSETCATALOG_COMPILER_GENERATE_SWIFT_ASSET_SYMBOL_EXTENSIONS = YES;
				CLANG_ANALYZER_NONNULL = YES;
				CLANG_ANALYZER_NUMBER_OBJECT_CONVERSION = YES_AGGRESSIVE;
				CLANG_CXX_LANGUAGE_STANDARD = "gnu++20";
				CLANG_ENABLE_MODULES = YES;
				CLANG_ENABLE_OBJC_ARC = YES;
				CLANG_ENABLE_OBJC_WEAK = YES;
				CLANG_WARN_BLOCK_CAPTURE_AUTORELEASING = YES;
				CLANG_WARN_BOOL_CONVERSION = YES;
				CLANG_WARN_COMMA = YES;
				CLANG_WARN_CONSTANT_CONVERSION = YES;
				CLANG_WARN_DEPRECATED_OBJC_IMPLEMENTATIONS = YES;
				CLANG_WARN_DIRECT_OBJC_ISA_USAGE = YES_ERROR;
				CLANG_WARN_DOCUMENTATION_COMMENTS = YES;
				CLANG_WARN_EMPTY_BODY = YES;
				CLANG_WARN_ENUM_CONVERSION = YES;
				CLANG_WARN_INFINITE_RECURSION = YES;
				CLANG_WARN_INT_CONVERSION = YES;
				CLANG_WARN_NON_LITERAL_NULL_CONVERSION = YES;
				CLANG_WARN_OBJC_IMPLICIT_RETAIN_SELF = YES;
				CLANG_WARN_OBJC_LITERAL_CONVERSION = YES;
				CLANG_WARN_OBJC_ROOT_CLASS = YES_ERROR;
				CLANG_WARN_QUOTED_INCLUDE_IN_FRAMEWORK_HEADER = YES;
				CLANG_WARN_RANGE_LOOP_ANALYSIS = YES;
				CLANG_WARN_STRICT_PROTOTYPES = YES;
				CLANG_WARN_SUSPICIOUS_MOVE = YES;
				CLANG_WARN_UNGUARDED_AVAILABILITY = YES_AGGRESSIVE;
				CLANG_WARN_UNREACHABLE_CODE = YES;
				CLANG_WARN__DUPLICATE_METHOD_MATCH = YES;
				COPY_PHASE_STRIP = NO;
				DEBUG_INFORMATION_FORMAT = "dwarf-with-dsym";
				ENABLE_NS_ASSERTIONS = NO;
				ENABLE_STRICT_OBJC_MSGSEND = YES;
				ENABLE_USER_SCRIPT_SANDBOXING = YES;
				GCC_C_LANGUAGE_STANDARD = gnu17;
				GCC_NO_COMMON_BLOCKS = YES;
				GCC_WARN_64_TO_32_BIT_CONVERSION = YES;
				GCC_WARN_ABOUT_RETURN_TYPE = YES_ERROR;
				GCC_WARN_UNDECLARED_SELECTOR = YES;
				GCC_WARN_UNINITIALIZED_AUTOS = YES_AGGRESSIVE;
				GCC_WARN_UNUSED_FUNCTION = YES;
				GCC_WARN_UNUSED_VARIABLE = YES;
				IPHONEOS_DEPLOYMENT_TARGET = 18.2;
				LOCALIZATION_PREFERS_STRING_CATALOGS = YES;
				MTL_ENABLE_DEBUG_INFO = NO;
				MTL_FAST_MATH = YES;
				SDKROOT = iphoneos;
				SWIFT_COMPILATION_MODE = wholemodule;
				VALIDATE_PRODUCT = YES;
			};
			name = Staging;
		};
		195EAB372DC13F2300475C36 /* Staging */ = {
			isa = XCBuildConfiguration;
			baseConfigurationReferenceAnchor = 195EAAF62DC13CDA00475C36 /* Mazady */;
			baseConfigurationReferenceRelativePath = Configurations/Production/Production.xcconfig;
			buildSettings = {
				ASSETCATALOG_COMPILER_APPICON_NAME = AppIcon;
				ASSETCATALOG_COMPILER_GLOBAL_ACCENT_COLOR_NAME = AccentColor;
				CODE_SIGN_STYLE = Automatic;
				CURRENT_PROJECT_VERSION = 1;
				DEVELOPMENT_TEAM = JT7ZHXC955;
				GENERATE_INFOPLIST_FILE = YES;
				INFOPLIST_FILE = Mazady/Info.plist;
				INFOPLIST_KEY_UIApplicationSupportsIndirectInputEvents = YES;
				INFOPLIST_KEY_UILaunchStoryboardName = LaunchScreen;
				INFOPLIST_KEY_UIMainStoryboardFile = Main;
				INFOPLIST_KEY_UISupportedInterfaceOrientations_iPad = "UIInterfaceOrientationPortrait UIInterfaceOrientationPortraitUpsideDown UIInterfaceOrientationLandscapeLeft UIInterfaceOrientationLandscapeRight";
				INFOPLIST_KEY_UISupportedInterfaceOrientations_iPhone = "UIInterfaceOrientationPortrait UIInterfaceOrientationLandscapeLeft UIInterfaceOrientationLandscapeRight";
				LD_RUNPATH_SEARCH_PATHS = (
					"$(inherited)",
					"@executable_path/Frameworks",
				);
				MARKETING_VERSION = 1.0;
				PRODUCT_BUNDLE_IDENTIFIER = eslamomohamed.Mazady;
				PRODUCT_NAME = "$(TARGET_NAME)";
				SWIFT_EMIT_LOC_STRINGS = YES;
				SWIFT_VERSION = 5.0;
				TARGETED_DEVICE_FAMILY = "1,2";
			};
			name = Staging;
		};
		195EAB382DC13F2300475C36 /* Staging */ = {
			isa = XCBuildConfiguration;
			baseConfigurationReferenceAnchor = 195EAAF62DC13CDA00475C36 /* Mazady */;
			baseConfigurationReferenceRelativePath = Configurations/Production/Production.xcconfig;
			buildSettings = {
				BUNDLE_LOADER = "$(TEST_HOST)";
				CODE_SIGN_STYLE = Automatic;
				CURRENT_PROJECT_VERSION = 1;
				DEVELOPMENT_TEAM = JT7ZHXC955;
				GENERATE_INFOPLIST_FILE = YES;
				IPHONEOS_DEPLOYMENT_TARGET = 18.2;
				MARKETING_VERSION = 1.0;
				PRODUCT_BUNDLE_IDENTIFIER = eslamomohamed.MazadyTests;
				PRODUCT_NAME = "$(TARGET_NAME)";
				SWIFT_EMIT_LOC_STRINGS = NO;
				SWIFT_VERSION = 5.0;
				TARGETED_DEVICE_FAMILY = "1,2";
				TEST_HOST = "$(BUILT_PRODUCTS_DIR)/Mazady.app/$(BUNDLE_EXECUTABLE_FOLDER_PATH)/Mazady";
			};
			name = Staging;
		};
		195EAB392DC13F2300475C36 /* Staging */ = {
			isa = XCBuildConfiguration;
			buildSettings = {
				CODE_SIGN_STYLE = Automatic;
				CURRENT_PROJECT_VERSION = 1;
				DEVELOPMENT_TEAM = JT7ZHXC955;
				GENERATE_INFOPLIST_FILE = YES;
				MARKETING_VERSION = 1.0;
				PRODUCT_BUNDLE_IDENTIFIER = eslamomohamed.MazadyUITests;
				PRODUCT_NAME = "$(TARGET_NAME)";
				SWIFT_EMIT_LOC_STRINGS = NO;
				SWIFT_VERSION = 5.0;
				TARGETED_DEVICE_FAMILY = "1,2";
				TEST_TARGET_NAME = Mazady;
			};
			name = Staging;
		};
/* End XCBuildConfiguration section */

/* Begin XCConfigurationList section */
		195EAAEF2DC13CDA00475C36 /* Build configuration list for PBXProject "Mazady" */ = {
			isa = XCConfigurationList;
			buildConfigurations = (
				195EAB202DC13CDB00475C36 /* Development */,
				195EAB212DC13CDB00475C36 /* Production */,
				195EAB362DC13F2300475C36 /* Staging */,
			);
			defaultConfigurationIsVisible = 0;
			defaultConfigurationName = Production;
		};
		195EAB1D2DC13CDB00475C36 /* Build configuration list for PBXNativeTarget "Mazady" */ = {
			isa = XCConfigurationList;
			buildConfigurations = (
				195EAB1E2DC13CDB00475C36 /* Development */,
				195EAB1F2DC13CDB00475C36 /* Production */,
				195EAB372DC13F2300475C36 /* Staging */,
			);
			defaultConfigurationIsVisible = 0;
			defaultConfigurationName = Production;
		};
		195EAB222DC13CDB00475C36 /* Build configuration list for PBXNativeTarget "MazadyTests" */ = {
			isa = XCConfigurationList;
			buildConfigurations = (
				195EAB232DC13CDB00475C36 /* Development */,
				195EAB242DC13CDB00475C36 /* Production */,
				195EAB382DC13F2300475C36 /* Staging */,
			);
			defaultConfigurationIsVisible = 0;
			defaultConfigurationName = Production;
		};
		195EAB252DC13CDB00475C36 /* Build configuration list for PBXNativeTarget "MazadyUITests" */ = {
			isa = XCConfigurationList;
			buildConfigurations = (
				195EAB262DC13CDB00475C36 /* Development */,
				195EAB272DC13CDB00475C36 /* Production */,
				195EAB392DC13F2300475C36 /* Staging */,
			);
			defaultConfigurationIsVisible = 0;
			defaultConfigurationName = Production;
		};
/* End XCConfigurationList section */
	};
	rootObject = 195EAAEC2DC13CDA00475C36 /* Project object */;
}
